
Microsoft Visual Studio Solution File, Format Version 12.00
# Visual Studio 15
VisualStudioVersion = 15.0.28307.421
MinimumVisualStudioVersion = 10.0.40219.1
Project("{2150E333-8FDC-42A3-9474-1A3956D46DE8}") = "0.Entities", "0.Entities", "{086395E9-56BC-4419-8EE0-D7D75BECF0F7}"
EndProject
Project("{2150E333-8FDC-42A3-9474-1A3956D46DE8}") = "1.WEB", "1.WEB", "{1858DB9C-6734-4C49-9E87-66150FAEA594}"
EndProject
Project("{2150E333-8FDC-42A3-9474-1A3956D46DE8}") = "2.BLL", "2.BLL", "{A3B31646-B73D-41FF-B977-126F1241AD8A}"
EndProject
Project("{2150E333-8FDC-42A3-9474-1A3956D46DE8}") = "3.DAO", "3.DAO", "{8907F821-2612-460B-A022-D5455F704879}"
EndProject
Project("{FAE04EC0-301F-11D3-BF4B-00C04F79EFBC}") = "CJobsWEB", "CJobsWEB\CJobsWEB.csproj", "{A307D00D-D51C-4EED-A8E8-21E28671941A}"
EndProject
Project("{FAE04EC0-301F-11D3-BF4B-00C04F79EFBC}") = "Entity", "Entity\Entity.csproj", "{870F9EE1-3805-4C81-9602-2DBF80E84430}"
EndProject
Global
	GlobalSection(SolutionConfigurationPlatforms) = preSolution
		Debug|Any CPU = Debug|Any CPU
		Release|Any CPU = Release|Any CPU
	EndGlobalSection
	GlobalSection(ProjectConfigurationPlatforms) = postSolution
		{A307D00D-D51C-4EED-A8E8-21E28671941A}.Debug|Any CPU.ActiveCfg = Debug|Any CPU
		{A307D00D-D51C-4EED-A8E8-21E28671941A}.Debug|Any CPU.Build.0 = Debug|Any CPU
		{A307D00D-D51C-4EED-A8E8-21E28671941A}.Release|Any CPU.ActiveCfg = Release|Any CPU
		{A307D00D-D51C-4EED-A8E8-21E28671941A}.Release|Any CPU.Build.0 = Release|Any CPU
		{870F9EE1-3805-4C81-9602-2DBF80E84430}.Debug|Any CPU.ActiveCfg = Debug|Any CPU
		{870F9EE1-3805-4C81-9602-2DBF80E84430}.Debug|Any CPU.Build.0 = Debug|Any CPU
		{870F9EE1-3805-4C81-9602-2DBF80E84430}.Release|Any CPU.ActiveCfg = Release|Any CPU
		{870F9EE1-3805-4C81-9602-2DBF80E84430}.Release|Any CPU.Build.0 = Release|Any CPU
	EndGlobalSection
	GlobalSection(SolutionProperties) = preSolution
		HideSolutionNode = FALSE
	EndGlobalSection
	GlobalSection(NestedProjects) = preSolution
		{A307D00D-D51C-4EED-A8E8-21E28671941A} = {1858DB9C-6734-4C49-9E87-66150FAEA594}
		{870F9EE1-3805-4C81-9602-2DBF80E84430} = {086395E9-56BC-4419-8EE0-D7D75BECF0F7}
	EndGlobalSection
	GlobalSection(ExtensibilityGlobals) = postSolution
		SolutionGuid = {CE8CD2FD-8354-4CC1-94F1-FBB4B61D70B3}
	EndGlobalSection
EndGlobal
